
Microsoft Visual Studio Solution File, Format Version 12.00
# Visual Studio 15
VisualStudioVersion = 15.0.28307.1267
MinimumVisualStudioVersion = 10.0.40219.1
Project("{FAE04EC0-301F-11D3-BF4B-00C04F79EFBC}") = "PasswordStrengthWebAPI", "PasswordStrengthWebAPI\PasswordStrengthWebAPI.csproj", "{F32E25F3-88B0-4AB0-A31E-D41CE9DA43B6}"
EndProject
Project("{FAE04EC0-301F-11D3-BF4B-00C04F79EFBC}") = "CAppPasswordStrength", "..\CAppPasswordStrength\CAppPasswordStrength\CAppPasswordStrength.csproj", "{AF82747A-A5EC-479B-AD9A-038D32A4369A}"
EndProject
Project("{FAE04EC0-301F-11D3-BF4B-00C04F79EFBC}") = "CAppPasswordStrength.Tests", "..\CAppPasswordStrength\CAppPasswordStrength.Tests\CAppPasswordStrength.Tests.csproj", "{010F4AF9-B72B-4145-8FF9-1418D169D1F9}"
EndProject
Global
	GlobalSection(SolutionConfigurationPlatforms) = preSolution
		Debug|Any CPU = Debug|Any CPU
		Release|Any CPU = Release|Any CPU
	EndGlobalSection
	GlobalSection(ProjectConfigurationPlatforms) = postSolution
		{F32E25F3-88B0-4AB0-A31E-D41CE9DA43B6}.Debug|Any CPU.ActiveCfg = Debug|Any CPU
		{F32E25F3-88B0-4AB0-A31E-D41CE9DA43B6}.Debug|Any CPU.Build.0 = Debug|Any CPU
		{F32E25F3-88B0-4AB0-A31E-D41CE9DA43B6}.Release|Any CPU.ActiveCfg = Release|Any CPU
		{F32E25F3-88B0-4AB0-A31E-D41CE9DA43B6}.Release|Any CPU.Build.0 = Release|Any CPU
		{AF82747A-A5EC-479B-AD9A-038D32A4369A}.Debug|Any CPU.ActiveCfg = Debug|Any CPU
		{AF82747A-A5EC-479B-AD9A-038D32A4369A}.Debug|Any CPU.Build.0 = Debug|Any CPU
		{AF82747A-A5EC-479B-AD9A-038D32A4369A}.Release|Any CPU.ActiveCfg = Release|Any CPU
		{AF82747A-A5EC-479B-AD9A-038D32A4369A}.Release|Any CPU.Build.0 = Release|Any CPU
		{010F4AF9-B72B-4145-8FF9-1418D169D1F9}.Debug|Any CPU.ActiveCfg = Debug|Any CPU
		{010F4AF9-B72B-4145-8FF9-1418D169D1F9}.Debug|Any CPU.Build.0 = Debug|Any CPU
		{010F4AF9-B72B-4145-8FF9-1418D169D1F9}.Release|Any CPU.ActiveCfg = Release|Any CPU
		{010F4AF9-B72B-4145-8FF9-1418D169D1F9}.Release|Any CPU.Build.0 = Release|Any CPU
	EndGlobalSection
	GlobalSection(SolutionProperties) = preSolution
		HideSolutionNode = FALSE
	EndGlobalSection
	GlobalSection(ExtensibilityGlobals) = postSolution
		SolutionGuid = {4ABD7CC4-E3FC-4427-B005-8E53E30E2043}
	EndGlobalSection
EndGlobal
